
Microsoft Visual Studio Solution File, Format Version 12.00
# Visual Studio Version 17
VisualStudioVersion = 17.5.33627.172
MinimumVisualStudioVersion = 10.0.40219.1
Project("{FAE04EC0-301F-11D3-BF4B-00C04F79EFBC}") = "URI1008", "URI1008\URI1008.csproj", "{99AE47F1-3D1F-4D07-B269-C81F3C11FE85}"
EndProject
Global
	GlobalSection(SolutionConfigurationPlatforms) = preSolution
		Debug|Any CPU = Debug|Any CPU
		Release|Any CPU = Release|Any CPU
	EndGlobalSection
	GlobalSection(ProjectConfigurationPlatforms) = postSolution
		{99AE47F1-3D1F-4D07-B269-C81F3C11FE85}.Debug|Any CPU.ActiveCfg = Debug|Any CPU
		{99AE47F1-3D1F-4D07-B269-C81F3C11FE85}.Debug|Any CPU.Build.0 = Debug|Any CPU
		{99AE47F1-3D1F-4D07-B269-C81F3C11FE85}.Release|Any CPU.ActiveCfg = Release|Any CPU
		{99AE47F1-3D1F-4D07-B269-C81F3C11FE85}.Release|Any CPU.Build.0 = Release|Any CPU
	EndGlobalSection
	GlobalSection(SolutionProperties) = preSolution
		HideSolutionNode = FALSE
	EndGlobalSection
	GlobalSection(ExtensibilityGlobals) = postSolution
		SolutionGuid = {60009753-9676-4D73-8EB2-552AE81CFB7B}
	EndGlobalSection
EndGlobal
